
Microsoft Visual Studio Solution File, Format Version 12.00
# Visual Studio Version 17
VisualStudioVersion = 17.3.32929.385
MinimumVisualStudioVersion = 10.0.40219.1
Project("{FAE04EC0-301F-11D3-BF4B-00C04F79EFBC}") = "UniversityApiBackend", "UniversityApiBackend\UniversityApiBackend.csproj", "{747365E1-F1C3-40A0-A799-BBFBF85A4592}"
EndProject
Global
	GlobalSection(SolutionConfigurationPlatforms) = preSolution
		Debug|Any CPU = Debug|Any CPU
		Release|Any CPU = Release|Any CPU
	EndGlobalSection
	GlobalSection(ProjectConfigurationPlatforms) = postSolution
		{747365E1-F1C3-40A0-A799-BBFBF85A4592}.Debug|Any CPU.ActiveCfg = Debug|Any CPU
		{747365E1-F1C3-40A0-A799-BBFBF85A4592}.Debug|Any CPU.Build.0 = Debug|Any CPU
		{747365E1-F1C3-40A0-A799-BBFBF85A4592}.Release|Any CPU.ActiveCfg = Release|Any CPU
		{747365E1-F1C3-40A0-A799-BBFBF85A4592}.Release|Any CPU.Build.0 = Release|Any CPU
	EndGlobalSection
	GlobalSection(SolutionProperties) = preSolution
		HideSolutionNode = FALSE
	EndGlobalSection
	GlobalSection(ExtensibilityGlobals) = postSolution
		SolutionGuid = {C870DF46-3295-4C10-84A9-4AAE048ADA05}
	EndGlobalSection
EndGlobal
